
Microsoft Visual Studio Solution File, Format Version 12.00
# Visual Studio 14
VisualStudioVersion = 14.0.25123.0
MinimumVisualStudioVersion = 10.0.40219.1
Project("{FAE04EC0-301F-11D3-BF4B-00C04F79EFBC}") = "PublisherSubscriberPattern", "PublisherSubscriberPattern\PublisherSubscriberPattern.csproj", "{21C079F2-0F99-4EDC-A4FC-489A465EB756}"
EndProject
Project("{FAE04EC0-301F-11D3-BF4B-00C04F79EFBC}") = "PubSubscriberPatternOthersDemo", "PubSubscriberPatternOthersDemo\PubSubscriberPatternOthersDemo.csproj", "{50C6D126-0697-4828-83F9-D2A61AB7AB0E}"
EndProject
Project("{FAE04EC0-301F-11D3-BF4B-00C04F79EFBC}") = "Winform多线程控件控制", "Winform多线程控件控制\Winform多线程控件控制.csproj", "{787F26A5-F84B-49DD-A54A-058F3860391C}"
EndProject
Global
	GlobalSection(SolutionConfigurationPlatforms) = preSolution
		Debug|Any CPU = Debug|Any CPU
		Release|Any CPU = Release|Any CPU
	EndGlobalSection
	GlobalSection(ProjectConfigurationPlatforms) = postSolution
		{21C079F2-0F99-4EDC-A4FC-489A465EB756}.Debug|Any CPU.ActiveCfg = Debug|Any CPU
		{21C079F2-0F99-4EDC-A4FC-489A465EB756}.Debug|Any CPU.Build.0 = Debug|Any CPU
		{21C079F2-0F99-4EDC-A4FC-489A465EB756}.Release|Any CPU.ActiveCfg = Release|Any CPU
		{21C079F2-0F99-4EDC-A4FC-489A465EB756}.Release|Any CPU.Build.0 = Release|Any CPU
		{50C6D126-0697-4828-83F9-D2A61AB7AB0E}.Debug|Any CPU.ActiveCfg = Debug|Any CPU
		{50C6D126-0697-4828-83F9-D2A61AB7AB0E}.Debug|Any CPU.Build.0 = Debug|Any CPU
		{50C6D126-0697-4828-83F9-D2A61AB7AB0E}.Release|Any CPU.ActiveCfg = Release|Any CPU
		{50C6D126-0697-4828-83F9-D2A61AB7AB0E}.Release|Any CPU.Build.0 = Release|Any CPU
		{787F26A5-F84B-49DD-A54A-058F3860391C}.Debug|Any CPU.ActiveCfg = Debug|Any CPU
		{787F26A5-F84B-49DD-A54A-058F3860391C}.Debug|Any CPU.Build.0 = Debug|Any CPU
		{787F26A5-F84B-49DD-A54A-058F3860391C}.Release|Any CPU.ActiveCfg = Release|Any CPU
		{787F26A5-F84B-49DD-A54A-058F3860391C}.Release|Any CPU.Build.0 = Release|Any CPU
	EndGlobalSection
	GlobalSection(SolutionProperties) = preSolution
		HideSolutionNode = FALSE
	EndGlobalSection
EndGlobal
